
Microsoft Visual Studio Solution File, Format Version 12.00
# Visual Studio 15
VisualStudioVersion = 15.0.27428.2015
MinimumVisualStudioVersion = 10.0.40219.1
Project("{8BC9CEB8-8B4A-11D0-8D11-00A0C91BC942}") = "17140_2d_array_n_calc", "17140_2d_array_n_calc.vcxproj", "{4E3F4CA5-56FF-4696-88FA-3A81FDC3C8DB}"
EndProject
Global
	GlobalSection(SolutionConfigurationPlatforms) = preSolution
		Debug|x64 = Debug|x64
		Debug|x86 = Debug|x86
		Release|x64 = Release|x64
		Release|x86 = Release|x86
	EndGlobalSection
	GlobalSection(ProjectConfigurationPlatforms) = postSolution
		{4E3F4CA5-56FF-4696-88FA-3A81FDC3C8DB}.Debug|x64.ActiveCfg = Debug|x64
		{4E3F4CA5-56FF-4696-88FA-3A81FDC3C8DB}.Debug|x64.Build.0 = Debug|x64
		{4E3F4CA5-56FF-4696-88FA-3A81FDC3C8DB}.Debug|x86.ActiveCfg = Debug|Win32
		{4E3F4CA5-56FF-4696-88FA-3A81FDC3C8DB}.Debug|x86.Build.0 = Debug|Win32
		{4E3F4CA5-56FF-4696-88FA-3A81FDC3C8DB}.Release|x64.ActiveCfg = Release|x64
		{4E3F4CA5-56FF-4696-88FA-3A81FDC3C8DB}.Release|x64.Build.0 = Release|x64
		{4E3F4CA5-56FF-4696-88FA-3A81FDC3C8DB}.Release|x86.ActiveCfg = Release|Win32
		{4E3F4CA5-56FF-4696-88FA-3A81FDC3C8DB}.Release|x86.Build.0 = Release|Win32
	EndGlobalSection
	GlobalSection(SolutionProperties) = preSolution
		HideSolutionNode = FALSE
	EndGlobalSection
	GlobalSection(ExtensibilityGlobals) = postSolution
		SolutionGuid = {7EFB7E68-7244-48D7-808D-268A9EE43EA2}
	EndGlobalSection
EndGlobal
